
Microsoft Visual Studio Solution File, Format Version 12.00
# Visual Studio 15
VisualStudioVersion = 15.0.28010.2016
MinimumVisualStudioVersion = 10.0.40219.1
Project("{FAE04EC0-301F-11D3-BF4B-00C04F79EFBC}") = "TechTest", "src\TestTech\TechTest.csproj", "{9154FD94-5EAB-471C-8D7D-BD11EE604D60}"
EndProject
Project("{FAE04EC0-301F-11D3-BF4B-00C04F79EFBC}") = "TestTest.UnitTest", "src\TestTest.UnitTest\TestTest.UnitTest.csproj", "{67C96234-9AB6-4A3A-9B5D-592503B9A048}"
EndProject
Global
	GlobalSection(SolutionConfigurationPlatforms) = preSolution
		Debug|Any CPU = Debug|Any CPU
		Debug|x64 = Debug|x64
		Release|Any CPU = Release|Any CPU
		Release|x64 = Release|x64
	EndGlobalSection
	GlobalSection(ProjectConfigurationPlatforms) = postSolution
		{9154FD94-5EAB-471C-8D7D-BD11EE604D60}.Debug|Any CPU.ActiveCfg = Debug|Any CPU
		{9154FD94-5EAB-471C-8D7D-BD11EE604D60}.Debug|Any CPU.Build.0 = Debug|Any CPU
		{9154FD94-5EAB-471C-8D7D-BD11EE604D60}.Debug|x64.ActiveCfg = Debug|Any CPU
		{9154FD94-5EAB-471C-8D7D-BD11EE604D60}.Debug|x64.Build.0 = Debug|Any CPU
		{9154FD94-5EAB-471C-8D7D-BD11EE604D60}.Release|Any CPU.ActiveCfg = Release|Any CPU
		{9154FD94-5EAB-471C-8D7D-BD11EE604D60}.Release|Any CPU.Build.0 = Release|Any CPU
		{9154FD94-5EAB-471C-8D7D-BD11EE604D60}.Release|x64.ActiveCfg = Release|Any CPU
		{9154FD94-5EAB-471C-8D7D-BD11EE604D60}.Release|x64.Build.0 = Release|Any CPU
		{67C96234-9AB6-4A3A-9B5D-592503B9A048}.Debug|Any CPU.ActiveCfg = Debug|Any CPU
		{67C96234-9AB6-4A3A-9B5D-592503B9A048}.Debug|Any CPU.Build.0 = Debug|Any CPU
		{67C96234-9AB6-4A3A-9B5D-592503B9A048}.Debug|x64.ActiveCfg = Debug|x64
		{67C96234-9AB6-4A3A-9B5D-592503B9A048}.Debug|x64.Build.0 = Debug|x64
		{67C96234-9AB6-4A3A-9B5D-592503B9A048}.Release|Any CPU.ActiveCfg = Release|Any CPU
		{67C96234-9AB6-4A3A-9B5D-592503B9A048}.Release|Any CPU.Build.0 = Release|Any CPU
		{67C96234-9AB6-4A3A-9B5D-592503B9A048}.Release|x64.ActiveCfg = Release|x64
		{67C96234-9AB6-4A3A-9B5D-592503B9A048}.Release|x64.Build.0 = Release|x64
	EndGlobalSection
	GlobalSection(SolutionProperties) = preSolution
		HideSolutionNode = FALSE
	EndGlobalSection
	GlobalSection(ExtensibilityGlobals) = postSolution
		SolutionGuid = {507A0418-D659-4A38-8978-A6394C590D48}
	EndGlobalSection
EndGlobal
